<?xml version="1.0" encoding="UTF-8"?>
<Scheme
   LastUpgradeVersion = "2620"
   version = "1.7">
   <BuildAction
      parallelizeBuildables = "YES"
      buildImplicitDependencies = "YES"
      buildArchitectures = "Automatic">
      <BuildActionEntries>
         <BuildActionEntry
            buildForTesting = "YES"
            buildForRunning = "YES"
            buildForProfiling = "YES"
            buildForArchiving = "YES"
            buildForAnalyzing = "YES">
            <BuildableReference
               BuildableIdentifier = "primary"
               BlueprintIdentifier = "75DE25772E38A4F5006B00C6"
               BuildableName = "&#x304b;&#x308b;&#x3044;&#x5bb6;&#x8a08;&#x7c3f;&#xff01;.app"
               BlueprintName = "&#x304b;&#x308b;&#x3044;&#x5bb6;&#x8a08;&#x7c3f;&#xff01;"
               ReferencedContainer = "container:&#x304b;&#x308b;&#x3044;&#x5bb6;&#x8a08;&#x7c3f;&#xff01;.xcodeproj">
            </BuildableReference>
         </BuildActionEntry>
      </BuildActionEntries>
   </BuildAction>
   <TestAction
      buildConfiguration = "Debug"
      selectedDebuggerIdentifier = "Xcode.DebuggerFoundation.Debugger.LLDB"
      selectedLauncherIdentifier = "Xcode.DebuggerFoundation.Launcher.LLDB"
      shouldUseLaunchSchemeArgsEnv = "YES"
      shouldAutocreateTestPlan = "YES">
   </TestAction>
   <LaunchAction
      buildConfiguration = "Release"
      selectedDebuggerIdentifier = "Xcode.DebuggerFoundation.Debugger.LLDB"
      selectedLauncherIdentifier = "Xcode.DebuggerFoundation.Launcher.LLDB"
      language = "ja"
      region = "JP"
      launchStyle = "0"
      useCustomWorkingDirectory = "NO"
      ignoresPersistentStateOnLaunch = "NO"
      debugDocumentVersioning = "YES"
      debugServiceExtension = "internal"
      allowLocationSimulation = "YES">
      <BuildableProductRunnable
         runnableDebuggingMode = "0">
         <BuildableReference
            BuildableIdentifier = "primary"
            BlueprintIdentifier = "75DE25772E38A4F5006B00C6"
            BuildableName = "&#x304b;&#x308b;&#x3044;&#x5bb6;&#x8a08;&#x7c3f;&#xff01;.app"
            BlueprintName = "&#x304b;&#x308b;&#x3044;&#x5bb6;&#x8a08;&#x7c3f;&#xff01;"
            ReferencedContainer = "container:&#x304b;&#x308b;&#x3044;&#x5bb6;&#x8a08;&#x7c3f;&#xff01;.xcodeproj">
         </BuildableReference>
      </BuildableProductRunnable>
   </LaunchAction>
   <ProfileAction
      buildConfiguration = "Release"
      shouldUseLaunchSchemeArgsEnv = "YES"
      savedToolIdentifier = ""
      useCustomWorkingDirectory = "NO"
      debugDocumentVersioning = "YES">
      <BuildableProductRunnable
         runnableDebuggingMode = "0">
         <BuildableReference
            BuildableIdentifier = "primary"
            BlueprintIdentifier = "75DE25772E38A4F5006B00C6"
            BuildableName = "&#x304b;&#x308b;&#x3044;&#x5bb6;&#x8a08;&#x7c3f;&#xff01;.app"
            BlueprintName = "&#x304b;&#x308b;&#x3044;&#x5bb6;&#x8a08;&#x7c3f;&#xff01;"
            ReferencedContainer = "container:&#x304b;&#x308b;&#x3044;&#x5bb6;&#x8a08;&#x7c3f;&#xff01;.xcodeproj">
         </BuildableReference>
      </BuildableProductRunnable>
   </ProfileAction>
   <AnalyzeAction
      buildConfiguration = "Debug">
   </AnalyzeAction>
   <ArchiveAction
      buildConfiguration = "Release"
      revealArchiveInOrganizer = "YES">
   </ArchiveAction>
</Scheme>
